
Microsoft Visual Studio Solution File, Format Version 12.00
# Visual Studio Version 17
VisualStudioVersion = 17.5.33530.505
MinimumVisualStudioVersion = 10.0.40219.1
Project("{FAE04EC0-301F-11D3-BF4B-00C04F79EFBC}") = "AlphaTechBank.UI", "AlphaTechBank.UI\AlphaTechBank.UI.csproj", "{AE5C5D10-AA96-4D65-A055-289719803515}"
EndProject
Project("{FAE04EC0-301F-11D3-BF4B-00C04F79EFBC}") = "AlphaTechBank.Model", "AlphaTechBank.Model\AlphaTechBank.Model.csproj", "{AA5187AE-BDC7-44E1-8C70-BD5CB5FC875B}"
EndProject
Project("{FAE04EC0-301F-11D3-BF4B-00C04F79EFBC}") = "AlphaTechBank.Repository", "AlphaTechBank.Repository\AlphaTechBank.Repository.csproj", "{C53A3B3C-9798-408A-BAD0-E1DAFAC73C93}"
EndProject
Global
	GlobalSection(SolutionConfigurationPlatforms) = preSolution
		Debug|Any CPU = Debug|Any CPU
		Release|Any CPU = Release|Any CPU
	EndGlobalSection
	GlobalSection(ProjectConfigurationPlatforms) = postSolution
		{AE5C5D10-AA96-4D65-A055-289719803515}.Debug|Any CPU.ActiveCfg = Debug|Any CPU
		{AE5C5D10-AA96-4D65-A055-289719803515}.Debug|Any CPU.Build.0 = Debug|Any CPU
		{AE5C5D10-AA96-4D65-A055-289719803515}.Release|Any CPU.ActiveCfg = Release|Any CPU
		{AE5C5D10-AA96-4D65-A055-289719803515}.Release|Any CPU.Build.0 = Release|Any CPU
		{AA5187AE-BDC7-44E1-8C70-BD5CB5FC875B}.Debug|Any CPU.ActiveCfg = Debug|Any CPU
		{AA5187AE-BDC7-44E1-8C70-BD5CB5FC875B}.Debug|Any CPU.Build.0 = Debug|Any CPU
		{AA5187AE-BDC7-44E1-8C70-BD5CB5FC875B}.Release|Any CPU.ActiveCfg = Release|Any CPU
		{AA5187AE-BDC7-44E1-8C70-BD5CB5FC875B}.Release|Any CPU.Build.0 = Release|Any CPU
		{C53A3B3C-9798-408A-BAD0-E1DAFAC73C93}.Debug|Any CPU.ActiveCfg = Debug|Any CPU
		{C53A3B3C-9798-408A-BAD0-E1DAFAC73C93}.Debug|Any CPU.Build.0 = Debug|Any CPU
		{C53A3B3C-9798-408A-BAD0-E1DAFAC73C93}.Release|Any CPU.ActiveCfg = Release|Any CPU
		{C53A3B3C-9798-408A-BAD0-E1DAFAC73C93}.Release|Any CPU.Build.0 = Release|Any CPU
	EndGlobalSection
	GlobalSection(SolutionProperties) = preSolution
		HideSolutionNode = FALSE
	EndGlobalSection
	GlobalSection(ExtensibilityGlobals) = postSolution
		SolutionGuid = {3E99784D-0099-4E95-812F-E1D2124DA047}
	EndGlobalSection
EndGlobal
